
Microsoft Visual Studio Solution File, Format Version 12.00
# Visual Studio Version 16
VisualStudioVersion = 16.0.30621.155
MinimumVisualStudioVersion = 10.0.40219.1
Project("{FAE04EC0-301F-11D3-BF4B-00C04F79EFBC}") = "CouponRestAPI", "CouponRestAPI\CouponRestAPI.csproj", "{2C2689EC-9A75-4242-ABA9-F6090DB6B709}"
EndProject
Global
	GlobalSection(SolutionConfigurationPlatforms) = preSolution
		Debug|Any CPU = Debug|Any CPU
		Release|Any CPU = Release|Any CPU
	EndGlobalSection
	GlobalSection(ProjectConfigurationPlatforms) = postSolution
		{2C2689EC-9A75-4242-ABA9-F6090DB6B709}.Debug|Any CPU.ActiveCfg = Debug|Any CPU
		{2C2689EC-9A75-4242-ABA9-F6090DB6B709}.Debug|Any CPU.Build.0 = Debug|Any CPU
		{2C2689EC-9A75-4242-ABA9-F6090DB6B709}.Release|Any CPU.ActiveCfg = Release|Any CPU
		{2C2689EC-9A75-4242-ABA9-F6090DB6B709}.Release|Any CPU.Build.0 = Release|Any CPU
	EndGlobalSection
	GlobalSection(SolutionProperties) = preSolution
		HideSolutionNode = FALSE
	EndGlobalSection
	GlobalSection(ExtensibilityGlobals) = postSolution
		SolutionGuid = {F2C0C074-189E-436D-85C6-59B826D6EE9B}
	EndGlobalSection
EndGlobal
